
Microsoft Visual Studio Solution File, Format Version 12.00
# Visual Studio Version 17
VisualStudioVersion = 17.2.32519.379
MinimumVisualStudioVersion = 10.0.40219.1
Project("{FAE04EC0-301F-11D3-BF4B-00C04F79EFBC}") = "Praktika1566", "Praktika1566\Praktika1566.csproj", "{AC9F4AF3-6FE0-461B-B6D4-0255A24A39C2}"
EndProject
Global
	GlobalSection(SolutionConfigurationPlatforms) = preSolution
		Debug|Any CPU = Debug|Any CPU
		Release|Any CPU = Release|Any CPU
	EndGlobalSection
	GlobalSection(ProjectConfigurationPlatforms) = postSolution
		{AC9F4AF3-6FE0-461B-B6D4-0255A24A39C2}.Debug|Any CPU.ActiveCfg = Debug|Any CPU
		{AC9F4AF3-6FE0-461B-B6D4-0255A24A39C2}.Debug|Any CPU.Build.0 = Debug|Any CPU
		{AC9F4AF3-6FE0-461B-B6D4-0255A24A39C2}.Release|Any CPU.ActiveCfg = Release|Any CPU
		{AC9F4AF3-6FE0-461B-B6D4-0255A24A39C2}.Release|Any CPU.Build.0 = Release|Any CPU
	EndGlobalSection
	GlobalSection(SolutionProperties) = preSolution
		HideSolutionNode = FALSE
	EndGlobalSection
	GlobalSection(ExtensibilityGlobals) = postSolution
		SolutionGuid = {E678B078-9047-4446-92A5-3EC1BC398F78}
	EndGlobalSection
EndGlobal
